schema: '2.0'
stages:
  preprocess:
    cmd: python data_preprocess.py --input-dir data/raw/shmuhammad_AfriSenti-twitter-sentiment/
      --output-dir /home/tonyai/CICD-ML/preprocessed_data/
    deps:
    - path: data/raw/shmuhammad_AfriSenti-twitter-sentiment/ibo_test.csv
      hash: md5
      md5: 6f0ef4ea1b5b93f3e86e31ba20461991
      size: 200598
    - path: data/raw/shmuhammad_AfriSenti-twitter-sentiment/ibo_train.csv
      hash: md5
      md5: 68605a4f315f94acfd3e81b5e1f126d1
      size: 813169
    - path: data/raw/shmuhammad_AfriSenti-twitter-sentiment/ibo_validation.csv
      hash: md5
      md5: 5ec93ffb7f3a2d9a5f400065a51df914
      size: 146770
    - path: data_preprocess.py
      hash: md5
      md5: 7bd9583144f648bb5a901adaa814d51d
      size: 3079
    outs:
    - path: preprocessed_data/test.csv
      hash: md5
      md5: b442abff3ef82b41d3ae88f2554f1112
      size: 195080
    - path: preprocessed_data/train.csv
      hash: md5
      md5: 9e29377a2b380f4e6668134e1635bff2
      size: 533702
    - path: preprocessed_data/val.csv
      hash: md5
      md5: f0bbe352ca21281f3bf58e37e73252b9
      size: 96259
  hyperparameter_search:
    cmd: python hyperparameter_search.py
    deps:
    - path: checkpoint-1520000/
      hash: md5
      md5: 1ac65a407111f9e621ae2b1b17115132.dir
      size: 1006179354
      nfiles: 12
    - path: evaluation.py
      hash: md5
      md5: 699b2cdb50952244c6a1ec563bcdf4ad
      size: 2552
    - path: hyperparameter_search.py
      hash: md5
      md5: ea91e53bec05a062d10e52f9bd0ddbf1
      size: 2988
    - path: preprocessed_data/train.csv
      hash: md5
      md5: 9e29377a2b380f4e6668134e1635bff2
      size: 533702
    - path: preprocessed_data/val.csv
      hash: md5
      md5: f0bbe352ca21281f3bf58e37e73252b9
      size: 96259
    outs:
    - path: best_hyperparameters.json
      hash: md5
      md5: eb1432d25e4bed5400906ad65530c12e
      size: 92
  train:
    cmd: python train.py
    deps:
    - path: best_hyperparameters.json
      hash: md5
      md5: eb1432d25e4bed5400906ad65530c12e
      size: 92
    - path: checkpoint-1520000/
      hash: md5
      md5: 1ac65a407111f9e621ae2b1b17115132.dir
      size: 1006179354
      nfiles: 12
    - path: evaluation.py
      hash: md5
      md5: 699b2cdb50952244c6a1ec563bcdf4ad
      size: 2552
    - path: preprocessed_data/test.csv
      hash: md5
      md5: b442abff3ef82b41d3ae88f2554f1112
      size: 195080
    - path: preprocessed_data/train.csv
      hash: md5
      md5: 9e29377a2b380f4e6668134e1635bff2
      size: 533702
    - path: preprocessed_data/val.csv
      hash: md5
      md5: f0bbe352ca21281f3bf58e37e73252b9
      size: 96259
    - path: train.py
      hash: md5
      md5: 1f9ce711e30662aac2b0ce2dc0ac80df
      size: 3671
    outs:
    - path: models/fine_tuned_igbo_sentiment/
      hash: md5
      md5: 8ee18ab1f9acf421cd051c06c098b56e.dir
      size: 335407213
      nfiles: 6
    - path: results/checkpoint-1274/
      hash: md5
      md5: 9dc35a9a95c787a366a44822786e3989.dir
      size: 1003143081
      nfiles: 11
    - path: results/metrics.txt
      hash: md5
      md5: 6943121f4c648a0bca322916afb3923b
      size: 281
  evaluation:
    cmd: python evaluation.py
    deps:
    - path: models/fine_tuned_igbo_sentiment/
      hash: md5
      md5: 8ee18ab1f9acf421cd051c06c098b56e.dir
      size: 335407213
      nfiles: 6
    - path: preprocessed_data/test.csv
      hash: md5
      md5: b442abff3ef82b41d3ae88f2554f1112
      size: 195080
    outs:
    - path: evaluation_results.json
      hash: md5
      md5: daaadfa7a86c9913c2d10a7c48e60c70
      size: 305
