schema: '2.0'
stages:
  preprocess:
    cmd: python data_preprocess.py --input-dir data/raw/shmuhammad_AfriSenti-twitter-sentiment/
      --output-dir /home/tonyai/CICD-ML/preprocessed_data/
    deps:
    - path: data/raw/shmuhammad_AfriSenti-twitter-sentiment/ibo_test.csv
      hash: md5
      md5: 6f0ef4ea1b5b93f3e86e31ba20461991
      size: 200598
    - path: data/raw/shmuhammad_AfriSenti-twitter-sentiment/ibo_train.csv
      hash: md5
      md5: 68605a4f315f94acfd3e81b5e1f126d1
      size: 813169
    - path: data/raw/shmuhammad_AfriSenti-twitter-sentiment/ibo_validation.csv
      hash: md5
      md5: 5ec93ffb7f3a2d9a5f400065a51df914
      size: 146770
    - path: data_preprocess.py
      hash: md5
      md5: 7bd9583144f648bb5a901adaa814d51d
      size: 3079
    outs:
    - path: preprocessed_data/test.csv
      hash: md5
      md5: b442abff3ef82b41d3ae88f2554f1112
      size: 195080
    - path: preprocessed_data/train.csv
      hash: md5
      md5: 9e29377a2b380f4e6668134e1635bff2
      size: 533702
    - path: preprocessed_data/val.csv
      hash: md5
      md5: f0bbe352ca21281f3bf58e37e73252b9
      size: 96259
  hyperparameter_search:
    cmd: python hyperparameter_search.py
    deps:
    - path: evaluation.py
      hash: md5
      md5: 699b2cdb50952244c6a1ec563bcdf4ad
      size: 2552
    - path: hyperparameter_search.py
      hash: md5
      md5: ea91e53bec05a062d10e52f9bd0ddbf1
      size: 2988
    - path: preprocessed_data/train.csv
      hash: md5
      md5: 9e29377a2b380f4e6668134e1635bff2
      size: 533702
    - path: preprocessed_data/val.csv
      hash: md5
      md5: f0bbe352ca21281f3bf58e37e73252b9
      size: 96259
    outs:
    - path: best_hyperparameters.json
      hash: md5
      md5: e35cc6553f57b366595983f2f4f9715a
      size: 92
  train:
    cmd: python train.py
    deps:
    - path: best_hyperparameters.json
      hash: md5
      md5: e35cc6553f57b366595983f2f4f9715a
      size: 92
    - path: evaluation.py
      hash: md5
      md5: 699b2cdb50952244c6a1ec563bcdf4ad
      size: 2552
    - path: preprocessed_data/test.csv
      hash: md5
      md5: b442abff3ef82b41d3ae88f2554f1112
      size: 195080
    - path: preprocessed_data/train.csv
      hash: md5
      md5: 9e29377a2b380f4e6668134e1635bff2
      size: 533702
    - path: preprocessed_data/val.csv
      hash: md5
      md5: f0bbe352ca21281f3bf58e37e73252b9
      size: 96259
    - path: train.py
      hash: md5
      md5: 1f9ce711e30662aac2b0ce2dc0ac80df
      size: 3671
    outs:
    - path: models/fine_tuned_igbo_sentiment/
      hash: md5
      md5: 554a270fd20286f237f28d8cc02d3fe4.dir
      size: 335407213
      nfiles: 6
    - path: results/checkpoint-1274/
      hash: md5
      md5: 0be35d787430b64a5f1b0223a7ea8ab3.dir
      size: 1003143084
      nfiles: 11
    - path: results/metrics.txt
      hash: md5
      md5: d0c8f0dbfb9fc1fd37420ab11dc96876
      size: 279
  evaluation:
    cmd: python evaluation.py
    deps:
    - path: models/fine_tuned_igbo_sentiment/
      hash: md5
      md5: 554a270fd20286f237f28d8cc02d3fe4.dir
      size: 335407213
      nfiles: 6
    - path: preprocessed_data/test.csv
      hash: md5
      md5: b442abff3ef82b41d3ae88f2554f1112
      size: 195080
    outs:
    - path: evaluation_results.json
      hash: md5
      md5: 2574c1697b26ec59a9c838c3e19174e2
      size: 306
